
Microsoft Visual Studio Solution File, Format Version 12.00
# Visual Studio 15
VisualStudioVersion = 15.0.28307.1022
MinimumVisualStudioVersion = 10.0.40219.1
Project("{FAE04EC0-301F-11D3-BF4B-00C04F79EFBC}") = "WebformTemplate", "WebformTemplate\WebformTemplate.csproj", "{0BDCE549-27BD-496F-98DD-C40494B910D2}"
EndProject
Global
	GlobalSection(SolutionConfigurationPlatforms) = preSolution
		Debug|Any CPU = Debug|Any CPU
		Release|Any CPU = Release|Any CPU
	EndGlobalSection
	GlobalSection(ProjectConfigurationPlatforms) = postSolution
		{0BDCE549-27BD-496F-98DD-C40494B910D2}.Debug|Any CPU.ActiveCfg = Debug|Any CPU
		{0BDCE549-27BD-496F-98DD-C40494B910D2}.Debug|Any CPU.Build.0 = Debug|Any CPU
		{0BDCE549-27BD-496F-98DD-C40494B910D2}.Release|Any CPU.ActiveCfg = Release|Any CPU
		{0BDCE549-27BD-496F-98DD-C40494B910D2}.Release|Any CPU.Build.0 = Release|Any CPU
	EndGlobalSection
	GlobalSection(SolutionProperties) = preSolution
		HideSolutionNode = FALSE
	EndGlobalSection
	GlobalSection(ExtensibilityGlobals) = postSolution
		SolutionGuid = {E3FA57D0-D1C8-42C4-8C3B-426D696B512C}
	EndGlobalSection
EndGlobal
